
Microsoft Visual Studio Solution File, Format Version 12.00
# Visual Studio Version 17
VisualStudioVersion = 17.8.34525.116
MinimumVisualStudioVersion = 10.0.40219.1
Project("{FAE04EC0-301F-11D3-BF4B-00C04F79EFBC}") = "Organetto.Web", "Organetto.Web\Organetto.Web.csproj", "{C6BBE60D-50D7-435F-A56D-5CF05EEF09E2}"
EndProject
Project("{FAE04EC0-301F-11D3-BF4B-00C04F79EFBC}") = "Organetto.Core", "Organetto.Core\Organetto.Core.csproj", "{99C1347D-7E48-45D8-846A-1693398512A4}"
EndProject
Project("{FAE04EC0-301F-11D3-BF4B-00C04F79EFBC}") = "Organetto.Infrastructure", "Organetto.Infrastructure\Organetto.Infrastructure.csproj", "{749EF254-1B1B-4BBB-894F-CDFADBC18763}"
EndProject
Project("{FAE04EC0-301F-11D3-BF4B-00C04F79EFBC}") = "Organetto.UseCases", "Organetto.UseCases\Organetto.UseCases.csproj", "{D07101A0-683A-4267-A339-73B6CA7E9249}"
EndProject
Global
	GlobalSection(SolutionConfigurationPlatforms) = preSolution
		Debug|Any CPU = Debug|Any CPU
		Release|Any CPU = Release|Any CPU
	EndGlobalSection
	GlobalSection(ProjectConfigurationPlatforms) = postSolution
		{C6BBE60D-50D7-435F-A56D-5CF05EEF09E2}.Debug|Any CPU.ActiveCfg = Debug|Any CPU
		{C6BBE60D-50D7-435F-A56D-5CF05EEF09E2}.Debug|Any CPU.Build.0 = Debug|Any CPU
		{C6BBE60D-50D7-435F-A56D-5CF05EEF09E2}.Release|Any CPU.ActiveCfg = Release|Any CPU
		{C6BBE60D-50D7-435F-A56D-5CF05EEF09E2}.Release|Any CPU.Build.0 = Release|Any CPU
		{99C1347D-7E48-45D8-846A-1693398512A4}.Debug|Any CPU.ActiveCfg = Debug|Any CPU
		{99C1347D-7E48-45D8-846A-1693398512A4}.Debug|Any CPU.Build.0 = Debug|Any CPU
		{99C1347D-7E48-45D8-846A-1693398512A4}.Release|Any CPU.ActiveCfg = Release|Any CPU
		{99C1347D-7E48-45D8-846A-1693398512A4}.Release|Any CPU.Build.0 = Release|Any CPU
		{749EF254-1B1B-4BBB-894F-CDFADBC18763}.Debug|Any CPU.ActiveCfg = Debug|Any CPU
		{749EF254-1B1B-4BBB-894F-CDFADBC18763}.Debug|Any CPU.Build.0 = Debug|Any CPU
		{749EF254-1B1B-4BBB-894F-CDFADBC18763}.Release|Any CPU.ActiveCfg = Release|Any CPU
		{749EF254-1B1B-4BBB-894F-CDFADBC18763}.Release|Any CPU.Build.0 = Release|Any CPU
		{D07101A0-683A-4267-A339-73B6CA7E9249}.Debug|Any CPU.ActiveCfg = Debug|Any CPU
		{D07101A0-683A-4267-A339-73B6CA7E9249}.Debug|Any CPU.Build.0 = Debug|Any CPU
		{D07101A0-683A-4267-A339-73B6CA7E9249}.Release|Any CPU.ActiveCfg = Release|Any CPU
		{D07101A0-683A-4267-A339-73B6CA7E9249}.Release|Any CPU.Build.0 = Release|Any CPU
	EndGlobalSection
	GlobalSection(SolutionProperties) = preSolution
		HideSolutionNode = FALSE
	EndGlobalSection
	GlobalSection(ExtensibilityGlobals) = postSolution
		SolutionGuid = {7E586EB3-B97E-4E43-A801-C8C6594A01E7}
	EndGlobalSection
EndGlobal
